
Microsoft Visual Studio Solution File, Format Version 12.00
# Visual Studio 2013
VisualStudioVersion = 12.0.31101.0
MinimumVisualStudioVersion = 10.0.40219.1
Project("{FAE04EC0-301F-11D3-BF4B-00C04F79EFBC}") = "GatherApp", "GatherApp\GatherApp.csproj", "{9108F867-4D6A-4851-8DAB-FFAF713C6C0D}"
EndProject
Project("{FAE04EC0-301F-11D3-BF4B-00C04F79EFBC}") = "DAL", "DAL\DAL.csproj", "{7A65A08D-B33E-4857-A6F3-10A4EA8C4C83}"
EndProject
Project("{FAE04EC0-301F-11D3-BF4B-00C04F79EFBC}") = "BAL", "BAL\BAL.csproj", "{41CD06F9-5D2C-45A6-984C-A6CE13DAD1BA}"
EndProject
Global
	GlobalSection(SourceCodeControl) = preSolution
		SccNumberOfProjects = 4
		SccLocalPath0 = .
		SccProjectUniqueName1 = GatherApp\\GatherApp.csproj
		SccProjectName1 = \u0022$/Gatherer/GatherApp\u0022,\u0020UEXAAAAA
		SccLocalPath1 = GatherApp
		SccProjectUniqueName2 = DAL\\DAL.csproj
		SccProjectName2 = \u0022$/Gatherer/DAL\u0022,\u0020JDXAAAAA
		SccLocalPath2 = DAL
		SccProjectUniqueName3 = BAL\\BAL.csproj
		SccProjectName3 = \u0022$/Gatherer/BAL\u0022,\u0020NBXAAAAA
		SccLocalPath3 = BAL
	EndGlobalSection
	GlobalSection(SolutionConfigurationPlatforms) = preSolution
		Debug|Any CPU = Debug|Any CPU
		Release|Any CPU = Release|Any CPU
	EndGlobalSection
	GlobalSection(ProjectConfigurationPlatforms) = postSolution
		{9108F867-4D6A-4851-8DAB-FFAF713C6C0D}.Debug|Any CPU.ActiveCfg = Debug|Any CPU
		{9108F867-4D6A-4851-8DAB-FFAF713C6C0D}.Debug|Any CPU.Build.0 = Debug|Any CPU
		{9108F867-4D6A-4851-8DAB-FFAF713C6C0D}.Release|Any CPU.ActiveCfg = Release|Any CPU
		{9108F867-4D6A-4851-8DAB-FFAF713C6C0D}.Release|Any CPU.Build.0 = Release|Any CPU
		{7A65A08D-B33E-4857-A6F3-10A4EA8C4C83}.Debug|Any CPU.ActiveCfg = Debug|Any CPU
		{7A65A08D-B33E-4857-A6F3-10A4EA8C4C83}.Debug|Any CPU.Build.0 = Debug|Any CPU
		{7A65A08D-B33E-4857-A6F3-10A4EA8C4C83}.Release|Any CPU.ActiveCfg = Release|Any CPU
		{7A65A08D-B33E-4857-A6F3-10A4EA8C4C83}.Release|Any CPU.Build.0 = Release|Any CPU
		{41CD06F9-5D2C-45A6-984C-A6CE13DAD1BA}.Debug|Any CPU.ActiveCfg = Debug|Any CPU
		{41CD06F9-5D2C-45A6-984C-A6CE13DAD1BA}.Debug|Any CPU.Build.0 = Debug|Any CPU
		{41CD06F9-5D2C-45A6-984C-A6CE13DAD1BA}.Release|Any CPU.ActiveCfg = Release|Any CPU
		{41CD06F9-5D2C-45A6-984C-A6CE13DAD1BA}.Release|Any CPU.Build.0 = Release|Any CPU
	EndGlobalSection
	GlobalSection(SolutionProperties) = preSolution
		HideSolutionNode = FALSE
	EndGlobalSection
EndGlobal
